// !$*UTF8*$!
{
	archiveVersion = 1;
	classes = {
	};
	objectVersion = 48;
	objects = {

/* Begin PBXBuildFile section */
		C920BE411FC7FFCD002885AE /* CoreGraphics.framework in Frameworks */ = {isa = PBXBuildFile; fileRef = C920BE401FC7FFC6002885AE /* CoreGraphics.framework */; };
		C9991F9C1FC3B42200175D1C /* main.cpp in Sources */ = {isa = PBXBuildFile; fileRef = C9991F9B1FC3B42200175D1C /* main.cpp */; };
		C9991FA41FC3B48D00175D1C /* OpenGL.framework in Frameworks */ = {isa = PBXBuildFile; fileRef = C9991FA31FC3B48200175D1C /* OpenGL.framework */; };
		C9991FA61FC3B49900175D1C /* GLUT.framework in Frameworks */ = {isa = PBXBuildFile; fileRef = C9991FA51FC3B49400175D1C /* GLUT.framework */; };
/* End PBXBuildFile section */

/* Begin PBXCopyFilesBuildPhase section */
		C9991F961FC3B42200175D1C /* CopyFiles */ = {
			isa = PBXCopyFilesBuildPhase;
			buildActionMask = 2147483647;
			dstPath = /usr/share/man/man1/;
			dstSubfolderSpec = 0;
			files = (
			);
			runOnlyForDeploymentPostprocessing = 1;
		};
/* End PBXCopyFilesBuildPhase section */

/* Begin PBXFileReference section */
		C920BE401FC7FFC6002885AE /* CoreGraphics.framework */ = {isa = PBXFileReference; lastKnownFileType = wrapper.framework; name = CoreGraphics.framework; path = System/Library/Frameworks/CoreGraphics.framework; sourceTree = SDKROOT; };
		C96B206D1FC419840077D8D9 /* io.bmp */ = {isa = PBXFileReference; lastKnownFileType = image.bmp; path = io.bmp; sourceTree = "<group>"; };
		C9991F981FC3B42200175D1C /* lab07 */ = {isa = PBXFileReference; explicitFileType = "compiled.mach-o.executable"; includeInIndex = 0; path = lab07; sourceTree = BUILT_PRODUCTS_DIR; };
		C9991F9B1FC3B42200175D1C /* main.cpp */ = {isa = PBXFileReference; lastKnownFileType = sourcecode.cpp.cpp; path = main.cpp; sourceTree = "<group>"; };
		C9991FA31FC3B48200175D1C /* OpenGL.framework */ = {isa = PBXFileReference; lastKnownFileType = wrapper.framework; name = OpenGL.framework; path = System/Library/Frameworks/OpenGL.framework; sourceTree = SDKROOT; };
		C9991FA51FC3B49400175D1C /* GLUT.framework */ = {isa = PBXFileReference; lastKnownFileType = wrapper.framework; name = GLUT.framework; path = System/Library/Frameworks/GLUT.framework; sourceTree = SDKROOT; };
		C9991FB71FC3C1C200175D1C /* europa.bmp */ = {isa = PBXFileReference; lastKnownFileType = image.bmp; path = europa.bmp; sourceTree = "<group>"; };
		C9991FB81FC3C1C200175D1C /* mercury.bmp */ = {isa = PBXFileReference; lastKnownFileType = image.bmp; path = mercury.bmp; sourceTree = "<group>"; };
		C9991FB91FC3C1C200175D1C /* neptune.bmp */ = {isa = PBXFileReference; lastKnownFileType = image.bmp; path = neptune.bmp; sourceTree = "<group>"; };
		C9991FBA1FC3C1C200175D1C /* saturn.bmp */ = {isa = PBXFileReference; lastKnownFileType = image.bmp; path = saturn.bmp; sourceTree = "<group>"; };
		C9991FBB1FC3C1C200175D1C /* venus.bmp */ = {isa = PBXFileReference; lastKnownFileType = image.bmp; path = venus.bmp; sourceTree = "<group>"; };
		C9991FBC1FC3C1C300175D1C /* mars.bmp */ = {isa = PBXFileReference; lastKnownFileType = image.bmp; path = mars.bmp; sourceTree = "<group>"; };
		C9991FBD1FC3C1C300175D1C /* jupiter.bmp */ = {isa = PBXFileReference; lastKnownFileType = image.bmp; path = jupiter.bmp; sourceTree = "<group>"; };
		C9991FBF1FC3C1C300175D1C /* sun.bmp */ = {isa = PBXFileReference; lastKnownFileType = image.bmp; path = sun.bmp; sourceTree = "<group>"; };
		C9991FC01FC3C1C300175D1C /* earth.bmp */ = {isa = PBXFileReference; lastKnownFileType = image.bmp; path = earth.bmp; sourceTree = "<group>"; };
		C9991FC11FC3C1C300175D1C /* uranus.bmp */ = {isa = PBXFileReference; lastKnownFileType = image.bmp; path = uranus.bmp; sourceTree = "<group>"; };
		C9991FC21FC3C1C300175D1C /* moon.bmp */ = {isa = PBXFileReference; lastKnownFileType = image.bmp; path = moon.bmp; sourceTree = "<group>"; };
/* End PBXFileReference section */

/* Begin PBXFrameworksBuildPhase section */
		C9991F951FC3B42200175D1C /* Frameworks */ = {
			isa = PBXFrameworksBuildPhase;
			buildActionMask = 2147483647;
			files = (
				C920BE411FC7FFCD002885AE /* CoreGraphics.framework in Frameworks */,
				C9991FA61FC3B49900175D1C /* GLUT.framework in Frameworks */,
				C9991FA41FC3B48D00175D1C /* OpenGL.framework in Frameworks */,
			);
			runOnlyForDeploymentPostprocessing = 0;
		};
/* End PBXFrameworksBuildPhase section */

/* Begin PBXGroup section */
		C9991F8F1FC3B42200175D1C = {
			isa = PBXGroup;
			children = (
				C9991F9A1FC3B42200175D1C /* lab07 */,
				C9991F991FC3B42200175D1C /* Products */,
				C9991FA21FC3B48200175D1C /* Frameworks */,
			);
			sourceTree = "<group>";
		};
		C9991F991FC3B42200175D1C /* Products */ = {
			isa = PBXGroup;
			children = (
				C9991F981FC3B42200175D1C /* lab07 */,
			);
			name = Products;
			sourceTree = "<group>";
		};
		C9991F9A1FC3B42200175D1C /* lab07 */ = {
			isa = PBXGroup;
			children = (
				C96B206D1FC419840077D8D9 /* io.bmp */,
				C9991FC01FC3C1C300175D1C /* earth.bmp */,
				C9991FB71FC3C1C200175D1C /* europa.bmp */,
				C9991FBD1FC3C1C300175D1C /* jupiter.bmp */,
				C9991FBC1FC3C1C300175D1C /* mars.bmp */,
				C9991FB81FC3C1C200175D1C /* mercury.bmp */,
				C9991FC21FC3C1C300175D1C /* moon.bmp */,
				C9991FB91FC3C1C200175D1C /* neptune.bmp */,
				C9991FBA1FC3C1C200175D1C /* saturn.bmp */,
				C9991FBF1FC3C1C300175D1C /* sun.bmp */,
				C9991FC11FC3C1C300175D1C /* uranus.bmp */,
				C9991FBB1FC3C1C200175D1C /* venus.bmp */,
				C9991F9B1FC3B42200175D1C /* main.cpp */,
			);
			path = lab07;
			sourceTree = "<group>";
		};
		C9991FA21FC3B48200175D1C /* Frameworks */ = {
			isa = PBXGroup;
			children = (
				C920BE401FC7FFC6002885AE /* CoreGraphics.framework */,
				C9991FA51FC3B49400175D1C /* GLUT.framework */,
				C9991FA31FC3B48200175D1C /* OpenGL.framework */,
			);
			name = Frameworks;
			sourceTree = "<group>";
		};
/* End PBXGroup section */

/* Begin PBXNativeTarget section */
		C9991F971FC3B42200175D1C /* lab07 */ = {
			isa = PBXNativeTarget;
			buildConfigurationList = C9991F9F1FC3B42200175D1C /* Build configuration list for PBXNativeTarget "lab07" */;
			buildPhases = (
				C9991F941FC3B42200175D1C /* Sources */,
				C9991F951FC3B42200175D1C /* Frameworks */,
				C9991F961FC3B42200175D1C /* CopyFiles */,
			);
			buildRules = (
			);
			dependencies = (
			);
			name = lab07;
			productName = lab07;
			productReference = C9991F981FC3B42200175D1C /* lab07 */;
			productType = "com.apple.product-type.tool";
		};
/* End PBXNativeTarget section */

/* Begin PBXProject section */
		C9991F901FC3B42200175D1C /* Project object */ = {
			isa = PBXProject;
			attributes = {
				LastUpgradeCheck = 0910;
				ORGANIZATIONNAME = "제갈수민";
				TargetAttributes = {
					C9991F971FC3B42200175D1C = {
						CreatedOnToolsVersion = 9.1;
						ProvisioningStyle = Automatic;
					};
				};
			};
			buildConfigurationList = C9991F931FC3B42200175D1C /* Build configuration list for PBXProject "lab07" */;
			compatibilityVersion = "Xcode 8.0";
			developmentRegion = en;
			hasScannedForEncodings = 0;
			knownRegions = (
				en,
			);
			mainGroup = C9991F8F1FC3B42200175D1C;
			productRefGroup = C9991F991FC3B42200175D1C /* Products */;
			projectDirPath = "";
			projectRoot = "";
			targets = (
				C9991F971FC3B42200175D1C /* lab07 */,
			);
		};
/* End PBXProject section */

/* Begin PBXSourcesBuildPhase section */
		C9991F941FC3B42200175D1C /* Sources */ = {
			isa = PBXSourcesBuildPhase;
			buildActionMask = 2147483647;
			files = (
				C9991F9C1FC3B42200175D1C /* main.cpp in Sources */,
			);
			runOnlyForDeploymentPostprocessing = 0;
		};
/* End PBXSourcesBuildPhase section */

/* Begin XCBuildConfiguration section */
		C9991F9D1FC3B42200175D1C /* Debug */ = {
			isa = XCBuildConfiguration;
			buildSettings = {
				ALWAYS_SEARCH_USER_PATHS = NO;
				CLANG_ANALYZER_NONNULL = YES;
				CLANG_ANALYZER_NUMBER_OBJECT_CONVERSION = YES_AGGRESSIVE;
				CLANG_CXX_LANGUAGE_STANDARD = "gnu++14";
				CLANG_CXX_LIBRARY = "libc++";
				CLANG_ENABLE_MODULES = YES;
				CLANG_ENABLE_OBJC_ARC = YES;
				CLANG_WARN_BLOCK_CAPTURE_AUTORELEASING = YES;
				CLANG_WARN_BOOL_CONVERSION = YES;
				CLANG_WARN_COMMA = YES;
				CLANG_WARN_CONSTANT_CONVERSION = YES;
				CLANG_WARN_DIRECT_OBJC_ISA_USAGE = YES_ERROR;
				CLANG_WARN_DOCUMENTATION_COMMENTS = YES;
				CLANG_WARN_EMPTY_BODY = YES;
				CLANG_WARN_ENUM_CONVERSION = YES;
				CLANG_WARN_INFINITE_RECURSION = YES;
				CLANG_WARN_INT_CONVERSION = YES;
				CLANG_WARN_NON_LITERAL_NULL_CONVERSION = YES;
				CLANG_WARN_OBJC_LITERAL_CONVERSION = YES;
				CLANG_WARN_OBJC_ROOT_CLASS = YES_ERROR;
				CLANG_WARN_RANGE_LOOP_ANALYSIS = YES;
				CLANG_WARN_STRICT_PROTOTYPES = YES;
				CLANG_WARN_SUSPICIOUS_MOVE = YES;
				CLANG_WARN_UNGUARDED_AVAILABILITY = YES_AGGRESSIVE;
				CLANG_WARN_UNREACHABLE_CODE = YES;
				CLANG_WARN__DUPLICATE_METHOD_MATCH = YES;
				CODE_SIGN_IDENTITY = "Mac Developer";
				COPY_PHASE_STRIP = NO;
				DEBUG_INFORMATION_FORMAT = dwarf;
				ENABLE_STRICT_OBJC_MSGSEND = YES;
				ENABLE_TESTABILITY = YES;
				GCC_C_LANGUAGE_STANDARD = gnu11;
				GCC_DYNAMIC_NO_PIC = NO;
				GCC_NO_COMMON_BLOCKS = YES;
				GCC_OPTIMIZATION_LEVEL = 0;
				GCC_PREPROCESSOR_DEFINITIONS = (
					"DEBUG=1",
					"$(inherited)",
				);
				GCC_WARN_64_TO_32_BIT_CONVERSION = YES;
				GCC_WARN_ABOUT_RETURN_TYPE = YES_ERROR;
				GCC_WARN_UNDECLARED_SELECTOR = YES;
				GCC_WARN_UNINITIALIZED_AUTOS = YES_AGGRESSIVE;
				GCC_WARN_UNUSED_FUNCTION = YES;
				GCC_WARN_UNUSED_VARIABLE = YES;
				MACOSX_DEPLOYMENT_TARGET = 10.12;
				MTL_ENABLE_DEBUG_INFO = YES;
				ONLY_ACTIVE_ARCH = YES;
				SDKROOT = macosx;
			};
			name = Debug;
		};
		C9991F9E1FC3B42200175D1C /* Release */ = {
			isa = XCBuildConfiguration;
			buildSettings = {
				ALWAYS_SEARCH_USER_PATHS = NO;
				CLANG_ANALYZER_NONNULL = YES;
				CLANG_ANALYZER_NUMBER_OBJECT_CONVERSION = YES_AGGRESSIVE;
				CLANG_CXX_LANGUAGE_STANDARD = "gnu++14";
				CLANG_CXX_LIBRARY = "libc++";
				CLANG_ENABLE_MODULES = YES;
				CLANG_ENABLE_OBJC_ARC = YES;
				CLANG_WARN_BLOCK_CAPTURE_AUTORELEASING = YES;
				CLANG_WARN_BOOL_CONVERSION = YES;
				CLANG_WARN_COMMA = YES;
				CLANG_WARN_CONSTANT_CONVERSION = YES;
				CLANG_WARN_DIRECT_OBJC_ISA_USAGE = YES_ERROR;
				CLANG_WARN_DOCUMENTATION_COMMENTS = YES;
				CLANG_WARN_EMPTY_BODY = YES;
				CLANG_WARN_ENUM_CONVERSION = YES;
				CLANG_WARN_INFINITE_RECURSION = YES;
				CLANG_WARN_INT_CONVERSION = YES;
				CLANG_WARN_NON_LITERAL_NULL_CONVERSION = YES;
				CLANG_WARN_OBJC_LITERAL_CONVERSION = YES;
				CLANG_WARN_OBJC_ROOT_CLASS = YES_ERROR;
				CLANG_WARN_RANGE_LOOP_ANALYSIS = YES;
				CLANG_WARN_STRICT_PROTOTYPES = YES;
				CLANG_WARN_SUSPICIOUS_MOVE = YES;
				CLANG_WARN_UNGUARDED_AVAILABILITY = YES_AGGRESSIVE;
				CLANG_WARN_UNREACHABLE_CODE = YES;
				CLANG_WARN__DUPLICATE_METHOD_MATCH = YES;
				CODE_SIGN_IDENTITY = "Mac Developer";
				COPY_PHASE_STRIP = NO;
				DEBUG_INFORMATION_FORMAT = "dwarf-with-dsym";
				ENABLE_NS_ASSERTIONS = NO;
				ENABLE_STRICT_OBJC_MSGSEND = YES;
				GCC_C_LANGUAGE_STANDARD = gnu11;
				GCC_NO_COMMON_BLOCKS = YES;
				GCC_WARN_64_TO_32_BIT_CONVERSION = YES;
				GCC_WARN_ABOUT_RETURN_TYPE = YES_ERROR;
				GCC_WARN_UNDECLARED_SELECTOR = YES;
				GCC_WARN_UNINITIALIZED_AUTOS = YES_AGGRESSIVE;
				GCC_WARN_UNUSED_FUNCTION = YES;
				GCC_WARN_UNUSED_VARIABLE = YES;
				MACOSX_DEPLOYMENT_TARGET = 10.12;
				MTL_ENABLE_DEBUG_INFO = NO;
				SDKROOT = macosx;
			};
			name = Release;
		};
		C9991FA01FC3B42200175D1C /* Debug */ = {
			isa = XCBuildConfiguration;
			buildSettings = {
				CODE_SIGN_STYLE = Automatic;
				DEVELOPMENT_TEAM = 3N2B4ECPAU;
				GCC_WARN_ABOUT_DEPRECATED_FUNCTIONS = NO;
				PRODUCT_NAME = "$(TARGET_NAME)";
			};
			name = Debug;
		};
		C9991FA11FC3B42200175D1C /* Release */ = {
			isa = XCBuildConfiguration;
			buildSettings = {
				CODE_SIGN_STYLE = Automatic;
				DEVELOPMENT_TEAM = 3N2B4ECPAU;
				GCC_WARN_ABOUT_DEPRECATED_FUNCTIONS = NO;
				PRODUCT_NAME = "$(TARGET_NAME)";
			};
			name = Release;
		};
/* End XCBuildConfiguration section */

/* Begin XCConfigurationList section */
		C9991F931FC3B42200175D1C /* Build configuration list for PBXProject "lab07" */ = {
			isa = XCConfigurationList;
			buildConfigurations = (
				C9991F9D1FC3B42200175D1C /* Debug */,
				C9991F9E1FC3B42200175D1C /* Release */,
			);
			defaultConfigurationIsVisible = 0;
			defaultConfigurationName = Release;
		};
		C9991F9F1FC3B42200175D1C /* Build configuration list for PBXNativeTarget "lab07" */ = {
			isa = XCConfigurationList;
			buildConfigurations = (
				C9991FA01FC3B42200175D1C /* Debug */,
				C9991FA11FC3B42200175D1C /* Release */,
			);
			defaultConfigurationIsVisible = 0;
			defaultConfigurationName = Release;
		};
/* End XCConfigurationList section */
	};
	rootObject = C9991F901FC3B42200175D1C /* Project object */;
}
